
Microsoft Visual Studio Solution File, Format Version 12.00
# Visual Studio Version 17
VisualStudioVersion = 17.0.32126.317
MinimumVisualStudioVersion = 10.0.40219.1
Project("{778DAE3C-4631-46EA-AA77-85C1314464D9}") = "tema4_6", "tema4_6\tema4_6.vbproj", "{77E6B031-14A6-4C23-B443-8F27F06EF474}"
EndProject
Project("{778DAE3C-4631-46EA-AA77-85C1314464D9}") = "EjercicioHerencia", "EjercicioHerencia\EjercicioHerencia.vbproj", "{AEDD1648-38B2-4DD3-A3AA-BB959D6CD5BC}"
EndProject
Project("{778DAE3C-4631-46EA-AA77-85C1314464D9}") = "tema4_5", "..\tema4_5\tema4_5\tema4_5.vbproj", "{39F24382-C1BE-4D9C-8234-CF775A84B3A9}"
EndProject
Project("{778DAE3C-4631-46EA-AA77-85C1314464D9}") = "Tema4_8", "Tema4_8\Tema4_8.vbproj", "{AFC0539A-E0AE-4BB8-BB4C-0ADC4DEE7517}"
EndProject
Project("{778DAE3C-4631-46EA-AA77-85C1314464D9}") = "tema4_9", "tema4_9\tema4_9.vbproj", "{2217C1FE-AD27-4394-8160-BE3A35595132}"
EndProject
Project("{778DAE3C-4631-46EA-AA77-85C1314464D9}") = "MIPrimerWinForm", "MIPrimerWinForm\MIPrimerWinForm.vbproj", "{F6264CD8-5E02-4EF2-A320-47FBFC47D675}"
EndProject
Project("{778DAE3C-4631-46EA-AA77-85C1314464D9}") = "tema5_2", "tema5_2\tema5_2.vbproj", "{D9ACCEAB-D217-4E43-BE3E-AF24E17C2706}"
EndProject
Project("{778DAE3C-4631-46EA-AA77-85C1314464D9}") = "tema5_2_1", "tema5_2_1\tema5_2_1.vbproj", "{DCF28044-D80E-4811-89C2-BE8A9C254770}"
EndProject
Project("{778DAE3C-4631-46EA-AA77-85C1314464D9}") = "tema5_2_2", "tema5_2_2\tema5_2_2.vbproj", "{E45280A5-3661-4A86-AC8F-3998805A5A67}"
EndProject
Project("{F184B08F-C81C-45F6-A57F-5ABD9991F28F}") = "Tema5_4", "Tema5_4\Tema5_4.vbproj", "{0840C34B-5F9B-4BC2-BB2F-25734130BB9D}"
EndProject
Global
	GlobalSection(SolutionConfigurationPlatforms) = preSolution
		Debug|Any CPU = Debug|Any CPU
		Release|Any CPU = Release|Any CPU
	EndGlobalSection
	GlobalSection(ProjectConfigurationPlatforms) = postSolution
		{77E6B031-14A6-4C23-B443-8F27F06EF474}.Debug|Any CPU.ActiveCfg = Debug|Any CPU
		{77E6B031-14A6-4C23-B443-8F27F06EF474}.Debug|Any CPU.Build.0 = Debug|Any CPU
		{77E6B031-14A6-4C23-B443-8F27F06EF474}.Release|Any CPU.ActiveCfg = Release|Any CPU
		{77E6B031-14A6-4C23-B443-8F27F06EF474}.Release|Any CPU.Build.0 = Release|Any CPU
		{AEDD1648-38B2-4DD3-A3AA-BB959D6CD5BC}.Debug|Any CPU.ActiveCfg = Debug|Any CPU
		{AEDD1648-38B2-4DD3-A3AA-BB959D6CD5BC}.Debug|Any CPU.Build.0 = Debug|Any CPU
		{AEDD1648-38B2-4DD3-A3AA-BB959D6CD5BC}.Release|Any CPU.ActiveCfg = Release|Any CPU
		{AEDD1648-38B2-4DD3-A3AA-BB959D6CD5BC}.Release|Any CPU.Build.0 = Release|Any CPU
		{39F24382-C1BE-4D9C-8234-CF775A84B3A9}.Debug|Any CPU.ActiveCfg = Debug|Any CPU
		{39F24382-C1BE-4D9C-8234-CF775A84B3A9}.Debug|Any CPU.Build.0 = Debug|Any CPU
		{39F24382-C1BE-4D9C-8234-CF775A84B3A9}.Release|Any CPU.ActiveCfg = Release|Any CPU
		{39F24382-C1BE-4D9C-8234-CF775A84B3A9}.Release|Any CPU.Build.0 = Release|Any CPU
		{AFC0539A-E0AE-4BB8-BB4C-0ADC4DEE7517}.Debug|Any CPU.ActiveCfg = Debug|Any CPU
		{AFC0539A-E0AE-4BB8-BB4C-0ADC4DEE7517}.Debug|Any CPU.Build.0 = Debug|Any CPU
		{AFC0539A-E0AE-4BB8-BB4C-0ADC4DEE7517}.Release|Any CPU.ActiveCfg = Release|Any CPU
		{AFC0539A-E0AE-4BB8-BB4C-0ADC4DEE7517}.Release|Any CPU.Build.0 = Release|Any CPU
		{2217C1FE-AD27-4394-8160-BE3A35595132}.Debug|Any CPU.ActiveCfg = Debug|Any CPU
		{2217C1FE-AD27-4394-8160-BE3A35595132}.Debug|Any CPU.Build.0 = Debug|Any CPU
		{2217C1FE-AD27-4394-8160-BE3A35595132}.Release|Any CPU.ActiveCfg = Release|Any CPU
		{2217C1FE-AD27-4394-8160-BE3A35595132}.Release|Any CPU.Build.0 = Release|Any CPU
		{F6264CD8-5E02-4EF2-A320-47FBFC47D675}.Debug|Any CPU.ActiveCfg = Debug|Any CPU
		{F6264CD8-5E02-4EF2-A320-47FBFC47D675}.Debug|Any CPU.Build.0 = Debug|Any CPU
		{F6264CD8-5E02-4EF2-A320-47FBFC47D675}.Release|Any CPU.ActiveCfg = Release|Any CPU
		{F6264CD8-5E02-4EF2-A320-47FBFC47D675}.Release|Any CPU.Build.0 = Release|Any CPU
		{D9ACCEAB-D217-4E43-BE3E-AF24E17C2706}.Debug|Any CPU.ActiveCfg = Debug|Any CPU
		{D9ACCEAB-D217-4E43-BE3E-AF24E17C2706}.Debug|Any CPU.Build.0 = Debug|Any CPU
		{D9ACCEAB-D217-4E43-BE3E-AF24E17C2706}.Release|Any CPU.ActiveCfg = Release|Any CPU
		{D9ACCEAB-D217-4E43-BE3E-AF24E17C2706}.Release|Any CPU.Build.0 = Release|Any CPU
		{DCF28044-D80E-4811-89C2-BE8A9C254770}.Debug|Any CPU.ActiveCfg = Debug|Any CPU
		{DCF28044-D80E-4811-89C2-BE8A9C254770}.Debug|Any CPU.Build.0 = Debug|Any CPU
		{DCF28044-D80E-4811-89C2-BE8A9C254770}.Release|Any CPU.ActiveCfg = Release|Any CPU
		{DCF28044-D80E-4811-89C2-BE8A9C254770}.Release|Any CPU.Build.0 = Release|Any CPU
		{E45280A5-3661-4A86-AC8F-3998805A5A67}.Debug|Any CPU.ActiveCfg = Debug|Any CPU
		{E45280A5-3661-4A86-AC8F-3998805A5A67}.Debug|Any CPU.Build.0 = Debug|Any CPU
		{E45280A5-3661-4A86-AC8F-3998805A5A67}.Release|Any CPU.ActiveCfg = Release|Any CPU
		{E45280A5-3661-4A86-AC8F-3998805A5A67}.Release|Any CPU.Build.0 = Release|Any CPU
		{0840C34B-5F9B-4BC2-BB2F-25734130BB9D}.Debug|Any CPU.ActiveCfg = Debug|Any CPU
		{0840C34B-5F9B-4BC2-BB2F-25734130BB9D}.Debug|Any CPU.Build.0 = Debug|Any CPU
		{0840C34B-5F9B-4BC2-BB2F-25734130BB9D}.Release|Any CPU.ActiveCfg = Release|Any CPU
		{0840C34B-5F9B-4BC2-BB2F-25734130BB9D}.Release|Any CPU.Build.0 = Release|Any CPU
	EndGlobalSection
	GlobalSection(SolutionProperties) = preSolution
		HideSolutionNode = FALSE
	EndGlobalSection
	GlobalSection(ExtensibilityGlobals) = postSolution
		SolutionGuid = {B03CF99F-54A0-45E9-A644-530E3DD1824F}
	EndGlobalSection
EndGlobal
